{
  "name": "Milesstone-2",
  "version": "1.0.0",
  "lockfileVersion": 3,
  "requires": true,
  "packages": {
    "": {
      "name": "Milesstone-2",
      "version": "1.0.0",
      "license": "MIT",
      "dependencies": {
        "enum": "^3.0.4",
        "enum-values": "^1.2.1",
        "prettier": "^3.2.4",
        "typescript": "^5.3.3"
      }
    },
    "node_modules/enum": {
      "version": "3.0.4",
      "resolved": "https://registry.npmjs.org/enum/-/enum-3.0.4.tgz",
      "integrity": "sha512-X+VaPeIut6Vh0nJq1sfSBQQuqVmjUpiheoR5RokqeRm4xkzsNZjOqK+gpSnW+BrEs5d9q7Wl+nf1LpolFDYp4g==",
      "engines": {
        "node": ">=0.6.0"
      }
    },
    "node_modules/enum-values": {
      "version": "1.2.1",
      "resolved": "https://registry.npmjs.org/enum-values/-/enum-values-1.2.1.tgz",
      "integrity": "sha512-Qxe+bcN4g9tnmUitlkQnCpMXTUliW7WntCZ0giei/J4SbSeCiLJzhnFOUZKwnIOT4LiNo2iVfrrjDTZW+JAJhA=="
    },
    "node_modules/prettier": {
      "version": "3.2.5",
      "resolved": "https://registry.npmjs.org/prettier/-/prettier-3.2.5.tgz",
      "integrity": "sha512-3/GWa9aOC0YeD7LUfvOG2NiDyhOWRvt1k+rcKhOuYnMY24iiCphgneUfJDyFXd6rZCAnuLBv6UeAULtrhT/F4A==",
      "bin": {
        "prettier": "bin/prettier.cjs"
      },
      "engines": {
        "node": ">=14"
      },
      "funding": {
        "url": "https://github.com/prettier/prettier?sponsor=1"
      }
    },
    "node_modules/typescript": {
      "version": "5.3.3",
      "resolved": "https://registry.npmjs.org/typescript/-/typescript-5.3.3.tgz",
      "integrity": "sha512-pXWcraxM0uxAS+tN0AG/BF2TyqmHO014Z070UsJ+pFvYuRSq8KH8DmWpnbXe0pEPDHXZV3FcAbJkijJ5oNEnWw==",
      "bin": {
        "tsc": "bin/tsc",
        "tsserver": "bin/tsserver"
      },
      "engines": {
        "node": ">=14.17"
      }
    }
  }
}
